// !$*UTF8*$!
{
	archiveVersion = 1;
	classes = {
	};
	objectVersion = 56;
	objects = {

/* Begin PBXBuildFile section */
		2212316E2A8FCF8900FEC1CD /* LeaderboardView.swift in Sources */ = {isa = PBXBuildFile; fileRef = 2212316D2A8FCF8900FEC1CD /* LeaderboardView.swift */; };
		2236F3EA2A86951100DAEE8C /* BloodBar.swift in Sources */ = {isa = PBXBuildFile; fileRef = 2236F3E92A86951100DAEE8C /* BloodBar.swift */; };
		2236F3EC2A869D5400DAEE8C /* PlayerStatus.swift in Sources */ = {isa = PBXBuildFile; fileRef = 2236F3EB2A869D5400DAEE8C /* PlayerStatus.swift */; };
		2260406D2A814AE200B4682F /* Assignment_2App.swift in Sources */ = {isa = PBXBuildFile; fileRef = 2260406C2A814AE200B4682F /* Assignment_2App.swift */; };
		2260406F2A814AE200B4682F /* ContentView.swift in Sources */ = {isa = PBXBuildFile; fileRef = 2260406E2A814AE200B4682F /* ContentView.swift */; };
		226040712A814AE800B4682F /* Assets.xcassets in Resources */ = {isa = PBXBuildFile; fileRef = 226040702A814AE800B4682F /* Assets.xcassets */; };
		226040742A814AE800B4682F /* Preview Assets.xcassets in Resources */ = {isa = PBXBuildFile; fileRef = 226040732A814AE800B4682F /* Preview Assets.xcassets */; };
		2260407E2A814AE900B4682F /* Assignment_2Tests.swift in Sources */ = {isa = PBXBuildFile; fileRef = 2260407D2A814AE900B4682F /* Assignment_2Tests.swift */; };
		226040882A814AE900B4682F /* Assignment_2UITests.swift in Sources */ = {isa = PBXBuildFile; fileRef = 226040872A814AE900B4682F /* Assignment_2UITests.swift */; };
		2260408A2A814AE900B4682F /* Assignment_2UITestsLaunchTests.swift in Sources */ = {isa = PBXBuildFile; fileRef = 226040892A814AE900B4682F /* Assignment_2UITestsLaunchTests.swift */; };
		226040982A814C0600B4682F /* HomeView.swift in Sources */ = {isa = PBXBuildFile; fileRef = 226040972A814C0600B4682F /* HomeView.swift */; };
		2260409B2A814C4F00B4682F /* ViewRouter.swift in Sources */ = {isa = PBXBuildFile; fileRef = 2260409A2A814C4F00B4682F /* ViewRouter.swift */; };
		2260409E2A814DB300B4682F /* StaticFile.swift in Sources */ = {isa = PBXBuildFile; fileRef = 2260409D2A814DB300B4682F /* StaticFile.swift */; };
		226040A02A814F0700B4682F /* Player.swift in Sources */ = {isa = PBXBuildFile; fileRef = 2260409F2A814F0700B4682F /* Player.swift */; };
		226040A22A81505C00B4682F /* GameSettings.swift in Sources */ = {isa = PBXBuildFile; fileRef = 226040A12A81505C00B4682F /* GameSettings.swift */; };
		226040A42A81513C00B4682F /* MenuViews.swift in Sources */ = {isa = PBXBuildFile; fileRef = 226040A32A81513C00B4682F /* MenuViews.swift */; };
		22714B602A85426800399305 /* StatusPoint.swift in Sources */ = {isa = PBXBuildFile; fileRef = 22714B5F2A85426800399305 /* StatusPoint.swift */; };
		22902E842A892A0200425C64 /* ManaBar.swift in Sources */ = {isa = PBXBuildFile; fileRef = 22902E832A892A0200425C64 /* ManaBar.swift */; };
		22902E862A8944F700425C64 /* PlayerLevelStatus.swift in Sources */ = {isa = PBXBuildFile; fileRef = 22902E852A8944F700425C64 /* PlayerLevelStatus.swift */; };
		22902E882A8A637C00425C64 /* DropViewDelegate.swift in Sources */ = {isa = PBXBuildFile; fileRef = 22902E872A8A637C00425C64 /* DropViewDelegate.swift */; };
		22902E8A2A8A72AF00425C64 /* ViewExtension.swift in Sources */ = {isa = PBXBuildFile; fileRef = 22902E892A8A72AF00425C64 /* ViewExtension.swift */; };
		22902E8E2A8A8D2B00425C64 /* CellCharacterView.swift in Sources */ = {isa = PBXBuildFile; fileRef = 22902E8D2A8A8D2B00425C64 /* CellCharacterView.swift */; };
		22C37C3E2A9066C50053B097 /* JsonProcessor.swift in Sources */ = {isa = PBXBuildFile; fileRef = 22C37C3D2A9066C50053B097 /* JsonProcessor.swift */; };
		22C37C412A906AC30053B097 /* CoreData.xcdatamodeld in Sources */ = {isa = PBXBuildFile; fileRef = 22C37C3F2A906AC30053B097 /* CoreData.xcdatamodeld */; };
		22C37C442A90A6790053B097 /* DataController.swift in Sources */ = {isa = PBXBuildFile; fileRef = 22C37C432A90A6790053B097 /* DataController.swift */; };
		22C37C492A90AE660053B097 /* PopupView in Frameworks */ = {isa = PBXBuildFile; productRef = 22C37C482A90AE660053B097 /* PopupView */; };
		22C37C4C2A90AFD90053B097 /* Popups.swift in Sources */ = {isa = PBXBuildFile; fileRef = 22C37C4B2A90AFD90053B097 /* Popups.swift */; };
		22C37C4E2A90B2070053B097 /* SwitchUserView.swift in Sources */ = {isa = PBXBuildFile; fileRef = 22C37C4D2A90B2070053B097 /* SwitchUserView.swift */; };
		22C37C512A90B2A00053B097 /* PlayerRow.swift in Sources */ = {isa = PBXBuildFile; fileRef = 22C37C502A90B2A00053B097 /* PlayerRow.swift */; };
		22C37C532A90B5D70053B097 /* PlayerList.swift in Sources */ = {isa = PBXBuildFile; fileRef = 22C37C522A90B5D70053B097 /* PlayerList.swift */; };
		22C949A02A95E03E006D8CCD /* Top3Leaderboard.swift in Sources */ = {isa = PBXBuildFile; fileRef = 22C9499F2A95E03E006D8CCD /* Top3Leaderboard.swift */; };
		22C949A22A95E090006D8CCD /* RoundedShape.swift in Sources */ = {isa = PBXBuildFile; fileRef = 22C949A12A95E090006D8CCD /* RoundedShape.swift */; };
		22C949A42A95E520006D8CCD /* Top3PlayerImage.swift in Sources */ = {isa = PBXBuildFile; fileRef = 22C949A32A95E520006D8CCD /* Top3PlayerImage.swift */; };
		22DABF582A91E72800A41CEF /* LeaderboardList.swift in Sources */ = {isa = PBXBuildFile; fileRef = 22DABF572A91E72800A41CEF /* LeaderboardList.swift */; };
		22DABF5A2A91E7FC00A41CEF /* LeaderboardRow.swift in Sources */ = {isa = PBXBuildFile; fileRef = 22DABF592A91E7FC00A41CEF /* LeaderboardRow.swift */; };
		22DABF5C2A91F40200A41CEF /* EarnNewBadgeView.swift in Sources */ = {isa = PBXBuildFile; fileRef = 22DABF5B2A91F40200A41CEF /* EarnNewBadgeView.swift */; };
		22DABF5E2A91F98D00A41CEF /* badges.json in Resources */ = {isa = PBXBuildFile; fileRef = 22DABF5D2A91F98D00A41CEF /* badges.json */; };
		22DABF602A91FFF600A41CEF /* Badge.swift in Sources */ = {isa = PBXBuildFile; fileRef = 22DABF5F2A91FFF600A41CEF /* Badge.swift */; };
		22DABF622A92132E00A41CEF /* ProfileView.swift in Sources */ = {isa = PBXBuildFile; fileRef = 22DABF612A92132E00A41CEF /* ProfileView.swift */; };
		22DABF662A92164D00A41CEF /* AcheivementBadgeView.swift in Sources */ = {isa = PBXBuildFile; fileRef = 22DABF652A92164D00A41CEF /* AcheivementBadgeView.swift */; };
		22DABF692A921CFE00A41CEF /* NameImage.swift in Sources */ = {isa = PBXBuildFile; fileRef = 22DABF682A921CFD00A41CEF /* NameImage.swift */; };
		22DABF6B2A921D6300A41CEF /* BadgeItem.swift in Sources */ = {isa = PBXBuildFile; fileRef = 22DABF6A2A921D6300A41CEF /* BadgeItem.swift */; };
		22DABF6D2A92274E00A41CEF /* ProfileAchievementView.swift in Sources */ = {isa = PBXBuildFile; fileRef = 22DABF6C2A92274E00A41CEF /* ProfileAchievementView.swift */; };
		22F22C2D2A836372002C1BBD /* GameView.swift in Sources */ = {isa = PBXBuildFile; fileRef = 22F22C2C2A836372002C1BBD /* GameView.swift */; };
		22F22C322A8370FF002C1BBD /* ParentDeck.swift in Sources */ = {isa = PBXBuildFile; fileRef = 22F22C312A8370FF002C1BBD /* ParentDeck.swift */; };
		22F22C342A8408AC002C1BBD /* Character.swift in Sources */ = {isa = PBXBuildFile; fileRef = 22F22C332A8408AC002C1BBD /* Character.swift */; };
		22F22C362A8408D8002C1BBD /* CharacterDeck.swift in Sources */ = {isa = PBXBuildFile; fileRef = 22F22C352A8408D8002C1BBD /* CharacterDeck.swift */; };
/* End PBXBuildFile section */

/* Begin PBXContainerItemProxy section */
		2260407A2A814AE900B4682F /* PBXContainerItemProxy */ = {
			isa = PBXContainerItemProxy;
			containerPortal = 226040612A814AE200B4682F /* Project object */;
			proxyType = 1;
			remoteGlobalIDString = 226040682A814AE200B4682F;
			remoteInfo = "Assignment 2";
		};
		226040842A814AE900B4682F /* PBXContainerItemProxy */ = {
			isa = PBXContainerItemProxy;
			containerPortal = 226040612A814AE200B4682F /* Project object */;
			proxyType = 1;
			remoteGlobalIDString = 226040682A814AE200B4682F;
			remoteInfo = "Assignment 2";
		};
/* End PBXContainerItemProxy section */

/* Begin PBXFileReference section */
		2212316D2A8FCF8900FEC1CD /* LeaderboardView.swift */ = {isa = PBXFileReference; lastKnownFileType = sourcecode.swift; path = LeaderboardView.swift; sourceTree = "<group>"; };
		2236F3E92A86951100DAEE8C /* BloodBar.swift */ = {isa = PBXFileReference; lastKnownFileType = sourcecode.swift; path = BloodBar.swift; sourceTree = "<group>"; };
		2236F3EB2A869D5400DAEE8C /* PlayerStatus.swift */ = {isa = PBXFileReference; lastKnownFileType = sourcecode.swift; path = PlayerStatus.swift; sourceTree = "<group>"; };
		226040692A814AE200B4682F /* Assignment 2.app */ = {isa = PBXFileReference; explicitFileType = wrapper.application; includeInIndex = 0; path = "Assignment 2.app"; sourceTree = BUILT_PRODUCTS_DIR; };
		2260406C2A814AE200B4682F /* Assignment_2App.swift */ = {isa = PBXFileReference; lastKnownFileType = sourcecode.swift; path = Assignment_2App.swift; sourceTree = "<group>"; };
		2260406E2A814AE200B4682F /* ContentView.swift */ = {isa = PBXFileReference; lastKnownFileType = sourcecode.swift; path = ContentView.swift; sourceTree = "<group>"; };
		226040702A814AE800B4682F /* Assets.xcassets */ = {isa = PBXFileReference; lastKnownFileType = folder.assetcatalog; path = Assets.xcassets; sourceTree = "<group>"; };
		226040732A814AE800B4682F /* Preview Assets.xcassets */ = {isa = PBXFileReference; lastKnownFileType = folder.assetcatalog; path = "Preview Assets.xcassets"; sourceTree = "<group>"; };
		226040792A814AE900B4682F /* Assignment 2Tests.xctest */ = {isa = PBXFileReference; explicitFileType = wrapper.cfbundle; includeInIndex = 0; path = "Assignment 2Tests.xctest"; sourceTree = BUILT_PRODUCTS_DIR; };
		2260407D2A814AE900B4682F /* Assignment_2Tests.swift */ = {isa = PBXFileReference; lastKnownFileType = sourcecode.swift; path = Assignment_2Tests.swift; sourceTree = "<group>"; };
		226040832A814AE900B4682F /* Assignment 2UITests.xctest */ = {isa = PBXFileReference; explicitFileType = wrapper.cfbundle; includeInIndex = 0; path = "Assignment 2UITests.xctest"; sourceTree = BUILT_PRODUCTS_DIR; };
		226040872A814AE900B4682F /* Assignment_2UITests.swift */ = {isa = PBXFileReference; lastKnownFileType = sourcecode.swift; path = Assignment_2UITests.swift; sourceTree = "<group>"; };
		226040892A814AE900B4682F /* Assignment_2UITestsLaunchTests.swift */ = {isa = PBXFileReference; lastKnownFileType = sourcecode.swift; path = Assignment_2UITestsLaunchTests.swift; sourceTree = "<group>"; };
		226040972A814C0600B4682F /* HomeView.swift */ = {isa = PBXFileReference; lastKnownFileType = sourcecode.swift; path = HomeView.swift; sourceTree = "<group>"; };
		2260409A2A814C4F00B4682F /* ViewRouter.swift */ = {isa = PBXFileReference; lastKnownFileType = sourcecode.swift; path = ViewRouter.swift; sourceTree = "<group>"; };
		2260409D2A814DB300B4682F /* StaticFile.swift */ = {isa = PBXFileReference; lastKnownFileType = sourcecode.swift; path = StaticFile.swift; sourceTree = "<group>"; };
		2260409F2A814F0700B4682F /* Player.swift */ = {isa = PBXFileReference; lastKnownFileType = sourcecode.swift; path = Player.swift; sourceTree = "<group>"; };
		226040A12A81505C00B4682F /* GameSettings.swift */ = {isa = PBXFileReference; lastKnownFileType = sourcecode.swift; path = GameSettings.swift; sourceTree = "<group>"; };
		226040A32A81513C00B4682F /* MenuViews.swift */ = {isa = PBXFileReference; lastKnownFileType = sourcecode.swift; path = MenuViews.swift; sourceTree = "<group>"; };
		22714B5F2A85426800399305 /* StatusPoint.swift */ = {isa = PBXFileReference; lastKnownFileType = sourcecode.swift; path = StatusPoint.swift; sourceTree = "<group>"; };
		22902E832A892A0200425C64 /* ManaBar.swift */ = {isa = PBXFileReference; lastKnownFileType = sourcecode.swift; path = ManaBar.swift; sourceTree = "<group>"; };
		22902E852A8944F700425C64 /* PlayerLevelStatus.swift */ = {isa = PBXFileReference; lastKnownFileType = sourcecode.swift; path = PlayerLevelStatus.swift; sourceTree = "<group>"; };
		22902E872A8A637C00425C64 /* DropViewDelegate.swift */ = {isa = PBXFileReference; lastKnownFileType = sourcecode.swift; path = DropViewDelegate.swift; sourceTree = "<group>"; };
		22902E892A8A72AF00425C64 /* ViewExtension.swift */ = {isa = PBXFileReference; lastKnownFileType = sourcecode.swift; path = ViewExtension.swift; sourceTree = "<group>"; };
		22902E8D2A8A8D2B00425C64 /* CellCharacterView.swift */ = {isa = PBXFileReference; lastKnownFileType = sourcecode.swift; path = CellCharacterView.swift; sourceTree = "<group>"; };
		22C37C3D2A9066C50053B097 /* JsonProcessor.swift */ = {isa = PBXFileReference; lastKnownFileType = sourcecode.swift; path = JsonProcessor.swift; sourceTree = "<group>"; };
		22C37C402A906AC30053B097 /* CoreData.xcdatamodel */ = {isa = PBXFileReference; lastKnownFileType = wrapper.xcdatamodel; path = CoreData.xcdatamodel; sourceTree = "<group>"; };
		22C37C432A90A6790053B097 /* DataController.swift */ = {isa = PBXFileReference; lastKnownFileType = sourcecode.swift; path = DataController.swift; sourceTree = "<group>"; };
		22C37C4B2A90AFD90053B097 /* Popups.swift */ = {isa = PBXFileReference; lastKnownFileType = sourcecode.swift; path = Popups.swift; sourceTree = "<group>"; };
		22C37C4D2A90B2070053B097 /* SwitchUserView.swift */ = {isa = PBXFileReference; lastKnownFileType = sourcecode.swift; path = SwitchUserView.swift; sourceTree = "<group>"; };
		22C37C502A90B2A00053B097 /* PlayerRow.swift */ = {isa = PBXFileReference; lastKnownFileType = sourcecode.swift; path = PlayerRow.swift; sourceTree = "<group>"; };
		22C37C522A90B5D70053B097 /* PlayerList.swift */ = {isa = PBXFileReference; lastKnownFileType = sourcecode.swift; path = PlayerList.swift; sourceTree = "<group>"; };
		22C9499F2A95E03E006D8CCD /* Top3Leaderboard.swift */ = {isa = PBXFileReference; lastKnownFileType = sourcecode.swift; path = Top3Leaderboard.swift; sourceTree = "<group>"; };
		22C949A12A95E090006D8CCD /* RoundedShape.swift */ = {isa = PBXFileReference; lastKnownFileType = sourcecode.swift; path = RoundedShape.swift; sourceTree = "<group>"; };
		22C949A32A95E520006D8CCD /* Top3PlayerImage.swift */ = {isa = PBXFileReference; lastKnownFileType = sourcecode.swift; path = Top3PlayerImage.swift; sourceTree = "<group>"; };
		22DABF572A91E72800A41CEF /* LeaderboardList.swift */ = {isa = PBXFileReference; lastKnownFileType = sourcecode.swift; path = LeaderboardList.swift; sourceTree = "<group>"; };
		22DABF592A91E7FC00A41CEF /* LeaderboardRow.swift */ = {isa = PBXFileReference; lastKnownFileType = sourcecode.swift; path = LeaderboardRow.swift; sourceTree = "<group>"; };
		22DABF5B2A91F40200A41CEF /* EarnNewBadgeView.swift */ = {isa = PBXFileReference; lastKnownFileType = sourcecode.swift; path = EarnNewBadgeView.swift; sourceTree = "<group>"; };
		22DABF5D2A91F98D00A41CEF /* badges.json */ = {isa = PBXFileReference; fileEncoding = 4; lastKnownFileType = text.json; path = badges.json; sourceTree = "<group>"; };
		22DABF5F2A91FFF600A41CEF /* Badge.swift */ = {isa = PBXFileReference; lastKnownFileType = sourcecode.swift; path = Badge.swift; sourceTree = "<group>"; };
		22DABF612A92132E00A41CEF /* ProfileView.swift */ = {isa = PBXFileReference; lastKnownFileType = sourcecode.swift; path = ProfileView.swift; sourceTree = "<group>"; };
		22DABF652A92164D00A41CEF /* AcheivementBadgeView.swift */ = {isa = PBXFileReference; lastKnownFileType = sourcecode.swift; path = AcheivementBadgeView.swift; sourceTree = "<group>"; };
		22DABF682A921CFD00A41CEF /* NameImage.swift */ = {isa = PBXFileReference; lastKnownFileType = sourcecode.swift; path = NameImage.swift; sourceTree = "<group>"; };
		22DABF6A2A921D6300A41CEF /* BadgeItem.swift */ = {isa = PBXFileReference; lastKnownFileType = sourcecode.swift; path = BadgeItem.swift; sourceTree = "<group>"; };
		22DABF6C2A92274E00A41CEF /* ProfileAchievementView.swift */ = {isa = PBXFileReference; lastKnownFileType = sourcecode.swift; path = ProfileAchievementView.swift; sourceTree = "<group>"; };
		22F22C2C2A836372002C1BBD /* GameView.swift */ = {isa = PBXFileReference; lastKnownFileType = sourcecode.swift; path = GameView.swift; sourceTree = "<group>"; };
		22F22C312A8370FF002C1BBD /* ParentDeck.swift */ = {isa = PBXFileReference; lastKnownFileType = sourcecode.swift; path = ParentDeck.swift; sourceTree = "<group>"; };
		22F22C332A8408AC002C1BBD /* Character.swift */ = {isa = PBXFileReference; lastKnownFileType = sourcecode.swift; path = Character.swift; sourceTree = "<group>"; };
		22F22C352A8408D8002C1BBD /* CharacterDeck.swift */ = {isa = PBXFileReference; lastKnownFileType = sourcecode.swift; path = CharacterDeck.swift; sourceTree = "<group>"; };
/* End PBXFileReference section */

/* Begin PBXFrameworksBuildPhase section */
		226040662A814AE200B4682F /* Frameworks */ = {
			isa = PBXFrameworksBuildPhase;
			buildActionMask = 2147483647;
			files = (
				22C37C492A90AE660053B097 /* PopupView in Frameworks */,
			);
			runOnlyForDeploymentPostprocessing = 0;
		};
		226040762A814AE900B4682F /* Frameworks */ = {
			isa = PBXFrameworksBuildPhase;
			buildActionMask = 2147483647;
			files = (
			);
			runOnlyForDeploymentPostprocessing = 0;
		};
		226040802A814AE900B4682F /* Frameworks */ = {
			isa = PBXFrameworksBuildPhase;
			buildActionMask = 2147483647;
			files = (
			);
			runOnlyForDeploymentPostprocessing = 0;
		};
/* End PBXFrameworksBuildPhase section */

/* Begin PBXGroup section */
		226040602A814AE200B4682F = {
			isa = PBXGroup;
			children = (
				2260406B2A814AE200B4682F /* Assignment 2 */,
				2260407C2A814AE900B4682F /* Assignment 2Tests */,
				226040862A814AE900B4682F /* Assignment 2UITests */,
				2260406A2A814AE200B4682F /* Products */,
			);
			sourceTree = "<group>";
		};
		2260406A2A814AE200B4682F /* Products */ = {
			isa = PBXGroup;
			children = (
				226040692A814AE200B4682F /* Assignment 2.app */,
				226040792A814AE900B4682F /* Assignment 2Tests.xctest */,
				226040832A814AE900B4682F /* Assignment 2UITests.xctest */,
			);
			name = Products;
			sourceTree = "<group>";
		};
		2260406B2A814AE200B4682F /* Assignment 2 */ = {
			isa = PBXGroup;
			children = (
				22C37C422A90A5D80053B097 /* CoreData */,
				2260409C2A814D9C00B4682F /* Models */,
				226040992A814C3C00B4682F /* Helper */,
				226040962A814BF200B4682F /* Views */,
				2260406C2A814AE200B4682F /* Assignment_2App.swift */,
				2260406E2A814AE200B4682F /* ContentView.swift */,
				226040702A814AE800B4682F /* Assets.xcassets */,
				226040722A814AE800B4682F /* Preview Content */,
			);
			path = "Assignment 2";
			sourceTree = "<group>";
		};
		226040722A814AE800B4682F /* Preview Content */ = {
			isa = PBXGroup;
			children = (
				226040732A814AE800B4682F /* Preview Assets.xcassets */,
			);
			path = "Preview Content";
			sourceTree = "<group>";
		};
		2260407C2A814AE900B4682F /* Assignment 2Tests */ = {
			isa = PBXGroup;
			children = (
				2260407D2A814AE900B4682F /* Assignment_2Tests.swift */,
			);
			path = "Assignment 2Tests";
			sourceTree = "<group>";
		};
		226040862A814AE900B4682F /* Assignment 2UITests */ = {
			isa = PBXGroup;
			children = (
				226040872A814AE900B4682F /* Assignment_2UITests.swift */,
				226040892A814AE900B4682F /* Assignment_2UITestsLaunchTests.swift */,
			);
			path = "Assignment 2UITests";
			sourceTree = "<group>";
		};
		226040962A814BF200B4682F /* Views */ = {
			isa = PBXGroup;
			children = (
				226040A52A82A14000B4682F /* Components */,
				226040972A814C0600B4682F /* HomeView.swift */,
				226040A32A81513C00B4682F /* MenuViews.swift */,
				22F22C2C2A836372002C1BBD /* GameView.swift */,
				2212316D2A8FCF8900FEC1CD /* LeaderboardView.swift */,
				22C37C4D2A90B2070053B097 /* SwitchUserView.swift */,
				22DABF612A92132E00A41CEF /* ProfileView.swift */,
			);
			path = Views;
			sourceTree = "<group>";
		};
		226040992A814C3C00B4682F /* Helper */ = {
			isa = PBXGroup;
			children = (
				2260409A2A814C4F00B4682F /* ViewRouter.swift */,
				22902E872A8A637C00425C64 /* DropViewDelegate.swift */,
				22902E892A8A72AF00425C64 /* ViewExtension.swift */,
				22C37C3D2A9066C50053B097 /* JsonProcessor.swift */,
			);
			path = Helper;
			sourceTree = "<group>";
		};
		2260409C2A814D9C00B4682F /* Models */ = {
			isa = PBXGroup;
			children = (
				22DABF5D2A91F98D00A41CEF /* badges.json */,
				2260409D2A814DB300B4682F /* StaticFile.swift */,
				2260409F2A814F0700B4682F /* Player.swift */,
				226040A12A81505C00B4682F /* GameSettings.swift */,
				22F22C332A8408AC002C1BBD /* Character.swift */,
				22902E852A8944F700425C64 /* PlayerLevelStatus.swift */,
				22C37C3F2A906AC30053B097 /* CoreData.xcdatamodeld */,
				22DABF5F2A91FFF600A41CEF /* Badge.swift */,
			);
			path = Models;
			sourceTree = "<group>";
		};
		226040A52A82A14000B4682F /* Components */ = {
			isa = PBXGroup;
			children = (
				22DABF672A921CEB00A41CEF /* Shared */,
				22DABF632A9214CC00A41CEF /* ProfileView */,
				22DABF562A91E62500A41CEF /* LeaderboardView */,
				22C37C4F2A90B2760053B097 /* SwitchUserView */,
				22F22C2E2A836CB3002C1BBD /* GameView */,
			);
			path = Components;
			sourceTree = "<group>";
		};
		22C37C422A90A5D80053B097 /* CoreData */ = {
			isa = PBXGroup;
			children = (
				22C37C432A90A6790053B097 /* DataController.swift */,
			);
			path = CoreData;
			sourceTree = "<group>";
		};
		22C37C4F2A90B2760053B097 /* SwitchUserView */ = {
			isa = PBXGroup;
			children = (
				22C37C4B2A90AFD90053B097 /* Popups.swift */,
				22C37C502A90B2A00053B097 /* PlayerRow.swift */,
				22C37C522A90B5D70053B097 /* PlayerList.swift */,
			);
			path = SwitchUserView;
			sourceTree = "<group>";
		};
		22DABF562A91E62500A41CEF /* LeaderboardView */ = {
			isa = PBXGroup;
			children = (
				22DABF572A91E72800A41CEF /* LeaderboardList.swift */,
				22DABF592A91E7FC00A41CEF /* LeaderboardRow.swift */,
				22DABF5B2A91F40200A41CEF /* EarnNewBadgeView.swift */,
				22C9499F2A95E03E006D8CCD /* Top3Leaderboard.swift */,
				22C949A32A95E520006D8CCD /* Top3PlayerImage.swift */,
			);
			path = LeaderboardView;
			sourceTree = "<group>";
		};
		22DABF632A9214CC00A41CEF /* ProfileView */ = {
			isa = PBXGroup;
			children = (
				22DABF652A92164D00A41CEF /* AcheivementBadgeView.swift */,
				22DABF6A2A921D6300A41CEF /* BadgeItem.swift */,
				22DABF6C2A92274E00A41CEF /* ProfileAchievementView.swift */,
			);
			path = ProfileView;
			sourceTree = "<group>";
		};
		22DABF672A921CEB00A41CEF /* Shared */ = {
			isa = PBXGroup;
			children = (
				22DABF682A921CFD00A41CEF /* NameImage.swift */,
				22C949A12A95E090006D8CCD /* RoundedShape.swift */,
			);
			path = Shared;
			sourceTree = "<group>";
		};
		22F22C2E2A836CB3002C1BBD /* GameView */ = {
			isa = PBXGroup;
			children = (
				22F22C312A8370FF002C1BBD /* ParentDeck.swift */,
				22F22C352A8408D8002C1BBD /* CharacterDeck.swift */,
				22714B5F2A85426800399305 /* StatusPoint.swift */,
				2236F3E92A86951100DAEE8C /* BloodBar.swift */,
				2236F3EB2A869D5400DAEE8C /* PlayerStatus.swift */,
				22902E832A892A0200425C64 /* ManaBar.swift */,
				22902E8D2A8A8D2B00425C64 /* CellCharacterView.swift */,
			);
			path = GameView;
			sourceTree = "<group>";
		};
/* End PBXGroup section */

/* Begin PBXNativeTarget section */
		226040682A814AE200B4682F /* Assignment 2 */ = {
			isa = PBXNativeTarget;
			buildConfigurationList = 2260408D2A814AE900B4682F /* Build configuration list for PBXNativeTarget "Assignment 2" */;
			buildPhases = (
				226040652A814AE200B4682F /* Sources */,
				226040662A814AE200B4682F /* Frameworks */,
				226040672A814AE200B4682F /* Resources */,
			);
			buildRules = (
			);
			dependencies = (
			);
			name = "Assignment 2";
			packageProductDependencies = (
				22C37C482A90AE660053B097 /* PopupView */,
			);
			productName = "Assignment 2";
			productReference = 226040692A814AE200B4682F /* Assignment 2.app */;
			productType = "com.apple.product-type.application";
		};
		226040782A814AE900B4682F /* Assignment 2Tests */ = {
			isa = PBXNativeTarget;
			buildConfigurationList = 226040902A814AE900B4682F /* Build configuration list for PBXNativeTarget "Assignment 2Tests" */;
			buildPhases = (
				226040752A814AE900B4682F /* Sources */,
				226040762A814AE900B4682F /* Frameworks */,
				226040772A814AE900B4682F /* Resources */,
			);
			buildRules = (
			);
			dependencies = (
				2260407B2A814AE900B4682F /* PBXTargetDependency */,
			);
			name = "Assignment 2Tests";
			productName = "Assignment 2Tests";
			productReference = 226040792A814AE900B4682F /* Assignment 2Tests.xctest */;
			productType = "com.apple.product-type.bundle.unit-test";
		};
		226040822A814AE900B4682F /* Assignment 2UITests */ = {
			isa = PBXNativeTarget;
			buildConfigurationList = 226040932A814AE900B4682F /* Build configuration list for PBXNativeTarget "Assignment 2UITests" */;
			buildPhases = (
				2260407F2A814AE900B4682F /* Sources */,
				226040802A814AE900B4682F /* Frameworks */,
				226040812A814AE900B4682F /* Resources */,
			);
			buildRules = (
			);
			dependencies = (
				226040852A814AE900B4682F /* PBXTargetDependency */,
			);
			name = "Assignment 2UITests";
			productName = "Assignment 2UITests";
			productReference = 226040832A814AE900B4682F /* Assignment 2UITests.xctest */;
			productType = "com.apple.product-type.bundle.ui-testing";
		};
/* End PBXNativeTarget section */

/* Begin PBXProject section */
		226040612A814AE200B4682F /* Project object */ = {
			isa = PBXProject;
			attributes = {
				BuildIndependentTargetsInParallel = 1;
				LastSwiftUpdateCheck = 1430;
				LastUpgradeCheck = 1430;
				TargetAttributes = {
					226040682A814AE200B4682F = {
						CreatedOnToolsVersion = 14.3.1;
					};
					226040782A814AE900B4682F = {
						CreatedOnToolsVersion = 14.3.1;
						TestTargetID = 226040682A814AE200B4682F;
					};
					226040822A814AE900B4682F = {
						CreatedOnToolsVersion = 14.3.1;
						TestTargetID = 226040682A814AE200B4682F;
					};
				};
			};
			buildConfigurationList = 226040642A814AE200B4682F /* Build configuration list for PBXProject "Assignment 2" */;
			compatibilityVersion = "Xcode 14.0";
			developmentRegion = en;
			hasScannedForEncodings = 0;
			knownRegions = (
				en,
				Base,
			);
			mainGroup = 226040602A814AE200B4682F;
			packageReferences = (
				22C37C472A90AE660053B097 /* XCRemoteSwiftPackageReference "PopupView" */,
			);
			productRefGroup = 2260406A2A814AE200B4682F /* Products */;
			projectDirPath = "";
			projectRoot = "";
			targets = (
				226040682A814AE200B4682F /* Assignment 2 */,
				226040782A814AE900B4682F /* Assignment 2Tests */,
				226040822A814AE900B4682F /* Assignment 2UITests */,
			);
		};
/* End PBXProject section */

/* Begin PBXResourcesBuildPhase section */
		226040672A814AE200B4682F /* Resources */ = {
			isa = PBXResourcesBuildPhase;
			buildActionMask = 2147483647;
			files = (
				226040742A814AE800B4682F /* Preview Assets.xcassets in Resources */,
				226040712A814AE800B4682F /* Assets.xcassets in Resources */,
				22DABF5E2A91F98D00A41CEF /* badges.json in Resources */,
			);
			runOnlyForDeploymentPostprocessing = 0;
		};
		226040772A814AE900B4682F /* Resources */ = {
			isa = PBXResourcesBuildPhase;
			buildActionMask = 2147483647;
			files = (
			);
			runOnlyForDeploymentPostprocessing = 0;
		};
		226040812A814AE900B4682F /* Resources */ = {
			isa = PBXResourcesBuildPhase;
			buildActionMask = 2147483647;
			files = (
			);
			runOnlyForDeploymentPostprocessing = 0;
		};
/* End PBXResourcesBuildPhase section */

/* Begin PBXSourcesBuildPhase section */
		226040652A814AE200B4682F /* Sources */ = {
			isa = PBXSourcesBuildPhase;
			buildActionMask = 2147483647;
			files = (
				22DABF5C2A91F40200A41CEF /* EarnNewBadgeView.swift in Sources */,
				22C37C4C2A90AFD90053B097 /* Popups.swift in Sources */,
				22DABF662A92164D00A41CEF /* AcheivementBadgeView.swift in Sources */,
				22714B602A85426800399305 /* StatusPoint.swift in Sources */,
				2260406F2A814AE200B4682F /* ContentView.swift in Sources */,
				22C37C3E2A9066C50053B097 /* JsonProcessor.swift in Sources */,
				22902E8E2A8A8D2B00425C64 /* CellCharacterView.swift in Sources */,
				2236F3EC2A869D5400DAEE8C /* PlayerStatus.swift in Sources */,
				226040982A814C0600B4682F /* HomeView.swift in Sources */,
				22F22C342A8408AC002C1BBD /* Character.swift in Sources */,
				22F22C322A8370FF002C1BBD /* ParentDeck.swift in Sources */,
				22C949A02A95E03E006D8CCD /* Top3Leaderboard.swift in Sources */,
				2260409E2A814DB300B4682F /* StaticFile.swift in Sources */,
				2260406D2A814AE200B4682F /* Assignment_2App.swift in Sources */,
				22F22C2D2A836372002C1BBD /* GameView.swift in Sources */,
				22C37C532A90B5D70053B097 /* PlayerList.swift in Sources */,
				2212316E2A8FCF8900FEC1CD /* LeaderboardView.swift in Sources */,
				2236F3EA2A86951100DAEE8C /* BloodBar.swift in Sources */,
				22C37C442A90A6790053B097 /* DataController.swift in Sources */,
				22902E842A892A0200425C64 /* ManaBar.swift in Sources */,
				22C949A22A95E090006D8CCD /* RoundedShape.swift in Sources */,
				226040A02A814F0700B4682F /* Player.swift in Sources */,
				22DABF6B2A921D6300A41CEF /* BadgeItem.swift in Sources */,
				22DABF582A91E72800A41CEF /* LeaderboardList.swift in Sources */,
				22C37C412A906AC30053B097 /* CoreData.xcdatamodeld in Sources */,
				22DABF5A2A91E7FC00A41CEF /* LeaderboardRow.swift in Sources */,
				22DABF692A921CFE00A41CEF /* NameImage.swift in Sources */,
				22902E862A8944F700425C64 /* PlayerLevelStatus.swift in Sources */,
				226040A42A81513C00B4682F /* MenuViews.swift in Sources */,
				22C37C512A90B2A00053B097 /* PlayerRow.swift in Sources */,
				22C949A42A95E520006D8CCD /* Top3PlayerImage.swift in Sources */,
				22DABF602A91FFF600A41CEF /* Badge.swift in Sources */,
				22902E882A8A637C00425C64 /* DropViewDelegate.swift in Sources */,
				22C37C4E2A90B2070053B097 /* SwitchUserView.swift in Sources */,
				22902E8A2A8A72AF00425C64 /* ViewExtension.swift in Sources */,
				22DABF6D2A92274E00A41CEF /* ProfileAchievementView.swift in Sources */,
				2260409B2A814C4F00B4682F /* ViewRouter.swift in Sources */,
				22F22C362A8408D8002C1BBD /* CharacterDeck.swift in Sources */,
				22DABF622A92132E00A41CEF /* ProfileView.swift in Sources */,
				226040A22A81505C00B4682F /* GameSettings.swift in Sources */,
			);
			runOnlyForDeploymentPostprocessing = 0;
		};
		226040752A814AE900B4682F /* Sources */ = {
			isa = PBXSourcesBuildPhase;
			buildActionMask = 2147483647;
			files = (
				2260407E2A814AE900B4682F /* Assignment_2Tests.swift in Sources */,
			);
			runOnlyForDeploymentPostprocessing = 0;
		};
		2260407F2A814AE900B4682F /* Sources */ = {
			isa = PBXSourcesBuildPhase;
			buildActionMask = 2147483647;
			files = (
				2260408A2A814AE900B4682F /* Assignment_2UITestsLaunchTests.swift in Sources */,
				226040882A814AE900B4682F /* Assignment_2UITests.swift in Sources */,
			);
			runOnlyForDeploymentPostprocessing = 0;
		};
/* End PBXSourcesBuildPhase section */

/* Begin PBXTargetDependency section */
		2260407B2A814AE900B4682F /* PBXTargetDependency */ = {
			isa = PBXTargetDependency;
			target = 226040682A814AE200B4682F /* Assignment 2 */;
			targetProxy = 2260407A2A814AE900B4682F /* PBXContainerItemProxy */;
		};
		226040852A814AE900B4682F /* PBXTargetDependency */ = {
			isa = PBXTargetDependency;
			target = 226040682A814AE200B4682F /* Assignment 2 */;
			targetProxy = 226040842A814AE900B4682F /* PBXContainerItemProxy */;
		};
/* End PBXTargetDependency section */

/* Begin XCBuildConfiguration section */
		2260408B2A814AE900B4682F /* Debug */ = {
			isa = XCBuildConfiguration;
			buildSettings = {
				ALWAYS_SEARCH_USER_PATHS = NO;
				CLANG_ANALYZER_NONNULL = YES;
				CLANG_ANALYZER_NUMBER_OBJECT_CONVERSION = YES_AGGRESSIVE;
				CLANG_CXX_LANGUAGE_STANDARD = "gnu++20";
				CLANG_ENABLE_MODULES = YES;
				CLANG_ENABLE_OBJC_ARC = YES;
				CLANG_ENABLE_OBJC_WEAK = YES;
				CLANG_WARN_BLOCK_CAPTURE_AUTORELEASING = YES;
				CLANG_WARN_BOOL_CONVERSION = YES;
				CLANG_WARN_COMMA = YES;
				CLANG_WARN_CONSTANT_CONVERSION = YES;
				CLANG_WARN_DEPRECATED_OBJC_IMPLEMENTATIONS = YES;
				CLANG_WARN_DIRECT_OBJC_ISA_USAGE = YES_ERROR;
				CLANG_WARN_DOCUMENTATION_COMMENTS = YES;
				CLANG_WARN_EMPTY_BODY = YES;
				CLANG_WARN_ENUM_CONVERSION = YES;
				CLANG_WARN_INFINITE_RECURSION = YES;
				CLANG_WARN_INT_CONVERSION = YES;
				CLANG_WARN_NON_LITERAL_NULL_CONVERSION = YES;
				CLANG_WARN_OBJC_IMPLICIT_RETAIN_SELF = YES;
				CLANG_WARN_OBJC_LITERAL_CONVERSION = YES;
				CLANG_WARN_OBJC_ROOT_CLASS = YES_ERROR;
				CLANG_WARN_QUOTED_INCLUDE_IN_FRAMEWORK_HEADER = YES;
				CLANG_WARN_RANGE_LOOP_ANALYSIS = YES;
				CLANG_WARN_STRICT_PROTOTYPES = YES;
				CLANG_WARN_SUSPICIOUS_MOVE = YES;
				CLANG_WARN_UNGUARDED_AVAILABILITY = YES_AGGRESSIVE;
				CLANG_WARN_UNREACHABLE_CODE = YES;
				CLANG_WARN__DUPLICATE_METHOD_MATCH = YES;
				COPY_PHASE_STRIP = NO;
				DEBUG_INFORMATION_FORMAT = dwarf;
				ENABLE_STRICT_OBJC_MSGSEND = YES;
				ENABLE_TESTABILITY = YES;
				GCC_C_LANGUAGE_STANDARD = gnu11;
				GCC_DYNAMIC_NO_PIC = NO;
				GCC_NO_COMMON_BLOCKS = YES;
				GCC_OPTIMIZATION_LEVEL = 0;
				GCC_PREPROCESSOR_DEFINITIONS = (
					"DEBUG=1",
					"$(inherited)",
				);
				GCC_WARN_64_TO_32_BIT_CONVERSION = YES;
				GCC_WARN_ABOUT_RETURN_TYPE = YES_ERROR;
				GCC_WARN_UNDECLARED_SELECTOR = YES;
				GCC_WARN_UNINITIALIZED_AUTOS = YES_AGGRESSIVE;
				GCC_WARN_UNUSED_FUNCTION = YES;
				GCC_WARN_UNUSED_VARIABLE = YES;
				IPHONEOS_DEPLOYMENT_TARGET = 16.4;
				MTL_ENABLE_DEBUG_INFO = INCLUDE_SOURCE;
				MTL_FAST_MATH = YES;
				ONLY_ACTIVE_ARCH = YES;
				SDKROOT = iphoneos;
				SWIFT_ACTIVE_COMPILATION_CONDITIONS = DEBUG;
				SWIFT_OPTIMIZATION_LEVEL = "-Onone";
			};
			name = Debug;
		};
		2260408C2A814AE900B4682F /* Release */ = {
			isa = XCBuildConfiguration;
			buildSettings = {
				ALWAYS_SEARCH_USER_PATHS = NO;
				CLANG_ANALYZER_NONNULL = YES;
				CLANG_ANALYZER_NUMBER_OBJECT_CONVERSION = YES_AGGRESSIVE;
				CLANG_CXX_LANGUAGE_STANDARD = "gnu++20";
				CLANG_ENABLE_MODULES = YES;
				CLANG_ENABLE_OBJC_ARC = YES;
				CLANG_ENABLE_OBJC_WEAK = YES;
				CLANG_WARN_BLOCK_CAPTURE_AUTORELEASING = YES;
				CLANG_WARN_BOOL_CONVERSION = YES;
				CLANG_WARN_COMMA = YES;
				CLANG_WARN_CONSTANT_CONVERSION = YES;
				CLANG_WARN_DEPRECATED_OBJC_IMPLEMENTATIONS = YES;
				CLANG_WARN_DIRECT_OBJC_ISA_USAGE = YES_ERROR;
				CLANG_WARN_DOCUMENTATION_COMMENTS = YES;
				CLANG_WARN_EMPTY_BODY = YES;
				CLANG_WARN_ENUM_CONVERSION = YES;
				CLANG_WARN_INFINITE_RECURSION = YES;
				CLANG_WARN_INT_CONVERSION = YES;
				CLANG_WARN_NON_LITERAL_NULL_CONVERSION = YES;
				CLANG_WARN_OBJC_IMPLICIT_RETAIN_SELF = YES;
				CLANG_WARN_OBJC_LITERAL_CONVERSION = YES;
				CLANG_WARN_OBJC_ROOT_CLASS = YES_ERROR;
				CLANG_WARN_QUOTED_INCLUDE_IN_FRAMEWORK_HEADER = YES;
				CLANG_WARN_RANGE_LOOP_ANALYSIS = YES;
				CLANG_WARN_STRICT_PROTOTYPES = YES;
				CLANG_WARN_SUSPICIOUS_MOVE = YES;
				CLANG_WARN_UNGUARDED_AVAILABILITY = YES_AGGRESSIVE;
				CLANG_WARN_UNREACHABLE_CODE = YES;
				CLANG_WARN__DUPLICATE_METHOD_MATCH = YES;
				COPY_PHASE_STRIP = NO;
				DEBUG_INFORMATION_FORMAT = "dwarf-with-dsym";
				ENABLE_NS_ASSERTIONS = NO;
				ENABLE_STRICT_OBJC_MSGSEND = YES;
				GCC_C_LANGUAGE_STANDARD = gnu11;
				GCC_NO_COMMON_BLOCKS = YES;
				GCC_WARN_64_TO_32_BIT_CONVERSION = YES;
				GCC_WARN_ABOUT_RETURN_TYPE = YES_ERROR;
				GCC_WARN_UNDECLARED_SELECTOR = YES;
				GCC_WARN_UNINITIALIZED_AUTOS = YES_AGGRESSIVE;
				GCC_WARN_UNUSED_FUNCTION = YES;
				GCC_WARN_UNUSED_VARIABLE = YES;
				IPHONEOS_DEPLOYMENT_TARGET = 16.4;
				MTL_ENABLE_DEBUG_INFO = NO;
				MTL_FAST_MATH = YES;
				SDKROOT = iphoneos;
				SWIFT_COMPILATION_MODE = wholemodule;
				SWIFT_OPTIMIZATION_LEVEL = "-O";
				VALIDATE_PRODUCT = YES;
			};
			name = Release;
		};
		2260408E2A814AE900B4682F /* Debug */ = {
			isa = XCBuildConfiguration;
			buildSettings = {
				ASSETCATALOG_COMPILER_APPICON_NAME = AppIcon;
				ASSETCATALOG_COMPILER_GLOBAL_ACCENT_COLOR_NAME = AccentColor;
				CODE_SIGN_STYLE = Automatic;
				CURRENT_PROJECT_VERSION = 1;
				DEVELOPMENT_ASSET_PATHS = "\"Assignment 2/Preview Content\"";
				DEVELOPMENT_TEAM = 3PC594S459;
				ENABLE_PREVIEWS = YES;
				GENERATE_INFOPLIST_FILE = YES;
				INFOPLIST_KEY_UIApplicationSceneManifest_Generation = YES;
				INFOPLIST_KEY_UIApplicationSupportsIndirectInputEvents = YES;
				INFOPLIST_KEY_UILaunchScreen_Generation = YES;
				INFOPLIST_KEY_UISupportedInterfaceOrientations_iPad = "UIInterfaceOrientationPortrait UIInterfaceOrientationPortraitUpsideDown UIInterfaceOrientationLandscapeLeft UIInterfaceOrientationLandscapeRight";
				INFOPLIST_KEY_UISupportedInterfaceOrientations_iPhone = "UIInterfaceOrientationPortrait UIInterfaceOrientationLandscapeLeft UIInterfaceOrientationLandscapeRight";
				LD_RUNPATH_SEARCH_PATHS = (
					"$(inherited)",
					"@executable_path/Frameworks",
				);
				MARKETING_VERSION = 1.0;
				PRODUCT_BUNDLE_IDENTIFIER = "han.tran.rmit.Assignment-2";
				PRODUCT_NAME = "$(TARGET_NAME)";
				SWIFT_EMIT_LOC_STRINGS = YES;
				SWIFT_VERSION = 5.0;
				TARGETED_DEVICE_FAMILY = "1,2";
			};
			name = Debug;
		};
		2260408F2A814AE900B4682F /* Release */ = {
			isa = XCBuildConfiguration;
			buildSettings = {
				ASSETCATALOG_COMPILER_APPICON_NAME = AppIcon;
				ASSETCATALOG_COMPILER_GLOBAL_ACCENT_COLOR_NAME = AccentColor;
				CODE_SIGN_STYLE = Automatic;
				CURRENT_PROJECT_VERSION = 1;
				DEVELOPMENT_ASSET_PATHS = "\"Assignment 2/Preview Content\"";
				DEVELOPMENT_TEAM = 3PC594S459;
				ENABLE_PREVIEWS = YES;
				GENERATE_INFOPLIST_FILE = YES;
				INFOPLIST_KEY_UIApplicationSceneManifest_Generation = YES;
				INFOPLIST_KEY_UIApplicationSupportsIndirectInputEvents = YES;
				INFOPLIST_KEY_UILaunchScreen_Generation = YES;
				INFOPLIST_KEY_UISupportedInterfaceOrientations_iPad = "UIInterfaceOrientationPortrait UIInterfaceOrientationPortraitUpsideDown UIInterfaceOrientationLandscapeLeft UIInterfaceOrientationLandscapeRight";
				INFOPLIST_KEY_UISupportedInterfaceOrientations_iPhone = "UIInterfaceOrientationPortrait UIInterfaceOrientationLandscapeLeft UIInterfaceOrientationLandscapeRight";
				LD_RUNPATH_SEARCH_PATHS = (
					"$(inherited)",
					"@executable_path/Frameworks",
				);
				MARKETING_VERSION = 1.0;
				PRODUCT_BUNDLE_IDENTIFIER = "han.tran.rmit.Assignment-2";
				PRODUCT_NAME = "$(TARGET_NAME)";
				SWIFT_EMIT_LOC_STRINGS = YES;
				SWIFT_VERSION = 5.0;
				TARGETED_DEVICE_FAMILY = "1,2";
			};
			name = Release;
		};
		226040912A814AE900B4682F /* Debug */ = {
			isa = XCBuildConfiguration;
			buildSettings = {
				ALWAYS_EMBED_SWIFT_STANDARD_LIBRARIES = YES;
				BUNDLE_LOADER = "$(TEST_HOST)";
				CODE_SIGN_STYLE = Automatic;
				CURRENT_PROJECT_VERSION = 1;
				DEVELOPMENT_TEAM = 3PC594S459;
				GENERATE_INFOPLIST_FILE = YES;
				IPHONEOS_DEPLOYMENT_TARGET = 16.4;
				MARKETING_VERSION = 1.0;
				PRODUCT_BUNDLE_IDENTIFIER = "han.tran.rmit.Assignment-2Tests";
				PRODUCT_NAME = "$(TARGET_NAME)";
				SWIFT_EMIT_LOC_STRINGS = NO;
				SWIFT_VERSION = 5.0;
				TARGETED_DEVICE_FAMILY = "1,2";
				TEST_HOST = "$(BUILT_PRODUCTS_DIR)/Assignment 2.app/$(BUNDLE_EXECUTABLE_FOLDER_PATH)/Assignment 2";
			};
			name = Debug;
		};
		226040922A814AE900B4682F /* Release */ = {
			isa = XCBuildConfiguration;
			buildSettings = {
				ALWAYS_EMBED_SWIFT_STANDARD_LIBRARIES = YES;
				BUNDLE_LOADER = "$(TEST_HOST)";
				CODE_SIGN_STYLE = Automatic;
				CURRENT_PROJECT_VERSION = 1;
				DEVELOPMENT_TEAM = 3PC594S459;
				GENERATE_INFOPLIST_FILE = YES;
				IPHONEOS_DEPLOYMENT_TARGET = 16.4;
				MARKETING_VERSION = 1.0;
				PRODUCT_BUNDLE_IDENTIFIER = "han.tran.rmit.Assignment-2Tests";
				PRODUCT_NAME = "$(TARGET_NAME)";
				SWIFT_EMIT_LOC_STRINGS = NO;
				SWIFT_VERSION = 5.0;
				TARGETED_DEVICE_FAMILY = "1,2";
				TEST_HOST = "$(BUILT_PRODUCTS_DIR)/Assignment 2.app/$(BUNDLE_EXECUTABLE_FOLDER_PATH)/Assignment 2";
			};
			name = Release;
		};
		226040942A814AE900B4682F /* Debug */ = {
			isa = XCBuildConfiguration;
			buildSettings = {
				ALWAYS_EMBED_SWIFT_STANDARD_LIBRARIES = YES;
				CODE_SIGN_STYLE = Automatic;
				CURRENT_PROJECT_VERSION = 1;
				DEVELOPMENT_TEAM = 3PC594S459;
				GENERATE_INFOPLIST_FILE = YES;
				MARKETING_VERSION = 1.0;
				PRODUCT_BUNDLE_IDENTIFIER = "han.tran.rmit.Assignment-2UITests";
				PRODUCT_NAME = "$(TARGET_NAME)";
				SWIFT_EMIT_LOC_STRINGS = NO;
				SWIFT_VERSION = 5.0;
				TARGETED_DEVICE_FAMILY = "1,2";
				TEST_TARGET_NAME = "Assignment 2";
			};
			name = Debug;
		};
		226040952A814AE900B4682F /* Release */ = {
			isa = XCBuildConfiguration;
			buildSettings = {
				ALWAYS_EMBED_SWIFT_STANDARD_LIBRARIES = YES;
				CODE_SIGN_STYLE = Automatic;
				CURRENT_PROJECT_VERSION = 1;
				DEVELOPMENT_TEAM = 3PC594S459;
				GENERATE_INFOPLIST_FILE = YES;
				MARKETING_VERSION = 1.0;
				PRODUCT_BUNDLE_IDENTIFIER = "han.tran.rmit.Assignment-2UITests";
				PRODUCT_NAME = "$(TARGET_NAME)";
				SWIFT_EMIT_LOC_STRINGS = NO;
				SWIFT_VERSION = 5.0;
				TARGETED_DEVICE_FAMILY = "1,2";
				TEST_TARGET_NAME = "Assignment 2";
			};
			name = Release;
		};
/* End XCBuildConfiguration section */

/* Begin XCConfigurationList section */
		226040642A814AE200B4682F /* Build configuration list for PBXProject "Assignment 2" */ = {
			isa = XCConfigurationList;
			buildConfigurations = (
				2260408B2A814AE900B4682F /* Debug */,
				2260408C2A814AE900B4682F /* Release */,
			);
			defaultConfigurationIsVisible = 0;
			defaultConfigurationName = Release;
		};
		2260408D2A814AE900B4682F /* Build configuration list for PBXNativeTarget "Assignment 2" */ = {
			isa = XCConfigurationList;
			buildConfigurations = (
				2260408E2A814AE900B4682F /* Debug */,
				2260408F2A814AE900B4682F /* Release */,
			);
			defaultConfigurationIsVisible = 0;
			defaultConfigurationName = Release;
		};
		226040902A814AE900B4682F /* Build configuration list for PBXNativeTarget "Assignment 2Tests" */ = {
			isa = XCConfigurationList;
			buildConfigurations = (
				226040912A814AE900B4682F /* Debug */,
				226040922A814AE900B4682F /* Release */,
			);
			defaultConfigurationIsVisible = 0;
			defaultConfigurationName = Release;
		};
		226040932A814AE900B4682F /* Build configuration list for PBXNativeTarget "Assignment 2UITests" */ = {
			isa = XCConfigurationList;
			buildConfigurations = (
				226040942A814AE900B4682F /* Debug */,
				226040952A814AE900B4682F /* Release */,
			);
			defaultConfigurationIsVisible = 0;
			defaultConfigurationName = Release;
		};
/* End XCConfigurationList section */

/* Begin XCRemoteSwiftPackageReference section */
		22C37C472A90AE660053B097 /* XCRemoteSwiftPackageReference "PopupView" */ = {
			isa = XCRemoteSwiftPackageReference;
			repositoryURL = "https://github.com/exyte/PopupView.git";
			requirement = {
				kind = upToNextMajorVersion;
				minimumVersion = 2.0.0;
			};
		};
/* End XCRemoteSwiftPackageReference section */

/* Begin XCSwiftPackageProductDependency section */
		22C37C482A90AE660053B097 /* PopupView */ = {
			isa = XCSwiftPackageProductDependency;
			package = 22C37C472A90AE660053B097 /* XCRemoteSwiftPackageReference "PopupView" */;
			productName = PopupView;
		};
/* End XCSwiftPackageProductDependency section */

/* Begin XCVersionGroup section */
		22C37C3F2A906AC30053B097 /* CoreData.xcdatamodeld */ = {
			isa = XCVersionGroup;
			children = (
				22C37C402A906AC30053B097 /* CoreData.xcdatamodel */,
			);
			currentVersion = 22C37C402A906AC30053B097 /* CoreData.xcdatamodel */;
			path = CoreData.xcdatamodeld;
			sourceTree = "<group>";
			versionGroupType = wrapper.xcdatamodel;
		};
/* End XCVersionGroup section */
	};
	rootObject = 226040612A814AE200B4682F /* Project object */;
}
